
Microsoft Visual Studio Solution File, Format Version 11.00
# Visual Basic Express 2010
Project("{F184B08F-C81C-45F6-A57F-5ABD9991F28F}") = "jeu_questions", "jeu_questions\jeu_questions.vbproj", "{198FEA7B-6159-406B-93DD-7457FB970A44}"
EndProject
Global
	GlobalSection(SolutionConfigurationPlatforms) = preSolution
		Debug|x86 = Debug|x86
		Release|x86 = Release|x86
	EndGlobalSection
	GlobalSection(ProjectConfigurationPlatforms) = postSolution
		{198FEA7B-6159-406B-93DD-7457FB970A44}.Debug|x86.ActiveCfg = Debug|x86
		{198FEA7B-6159-406B-93DD-7457FB970A44}.Debug|x86.Build.0 = Debug|x86
		{198FEA7B-6159-406B-93DD-7457FB970A44}.Release|x86.ActiveCfg = Release|x86
		{198FEA7B-6159-406B-93DD-7457FB970A44}.Release|x86.Build.0 = Release|x86
	EndGlobalSection
	GlobalSection(SolutionProperties) = preSolution
		HideSolutionNode = FALSE
	EndGlobalSection
EndGlobal
